// !$*UTF8*$!
{
	archiveVersion = 1;
	classes = {
	};
	objectVersion = 56;
	objects = {

/* Begin PBXBuildFile section */
		6C2FE7632B16836C0092BFE5 /* HeartRateMonitorApp.swift in Sources */ = {isa = PBXBuildFile; fileRef = 6C2FE7622B16836C0092BFE5 /* HeartRateMonitorApp.swift */; };
		6C2FE7672B1683730092BFE5 /* Assets.xcassets in Resources */ = {isa = PBXBuildFile; fileRef = 6C2FE7662B1683730092BFE5 /* Assets.xcassets */; };
		6C2FE76A2B1683730092BFE5 /* Preview Assets.xcassets in Resources */ = {isa = PBXBuildFile; fileRef = 6C2FE7692B1683730092BFE5 /* Preview Assets.xcassets */; };
		6C2FE7732B174B650092BFE5 /* Localizable.strings in Resources */ = {isa = PBXBuildFile; fileRef = 6C2FE7752B174B650092BFE5 /* Localizable.strings */; };
		6C2FE7932B1795210092BFE5 /* HomeHealthViewModel.swift in Sources */ = {isa = PBXBuildFile; fileRef = 6C2FE7922B1795210092BFE5 /* HomeHealthViewModel.swift */; };
		6C2FE7952B1796870092BFE5 /* HomeHealthView.swift in Sources */ = {isa = PBXBuildFile; fileRef = 6C2FE7942B1796870092BFE5 /* HomeHealthView.swift */; };
		6C2FE79A2B1797480092BFE5 /* TabBarView.swift in Sources */ = {isa = PBXBuildFile; fileRef = 6C2FE7992B1797480092BFE5 /* TabBarView.swift */; };
		6C2FE79F2B1797F90092BFE5 /* HistoryViewModel.swift in Sources */ = {isa = PBXBuildFile; fileRef = 6C2FE79E2B1797F90092BFE5 /* HistoryViewModel.swift */; };
		6C2FE7A12B1798110092BFE5 /* HistoryView.swift in Sources */ = {isa = PBXBuildFile; fileRef = 6C2FE7A02B1798110092BFE5 /* HistoryView.swift */; };
		6C2FE7A42B1799800092BFE5 /* CustomButtonOnTabBar.swift in Sources */ = {isa = PBXBuildFile; fileRef = 6C2FE7A32B1799800092BFE5 /* CustomButtonOnTabBar.swift */; };
		6C2FE7A92B18E6B00092BFE5 /* Color+Extension.swift in Sources */ = {isa = PBXBuildFile; fileRef = 6C2FE7A82B18E6B00092BFE5 /* Color+Extension.swift */; };
		6CDFCC202B192D4C00B1A9A2 /* Gilroy-bold.ttf in Resources */ = {isa = PBXBuildFile; fileRef = 6CDFCC1F2B192D4C00B1A9A2 /* Gilroy-bold.ttf */; };
		6CDFCC232B19355600B1A9A2 /* Font+Extension.swift in Sources */ = {isa = PBXBuildFile; fileRef = 6CDFCC222B19355600B1A9A2 /* Font+Extension.swift */; };
		6CDFCC272B193E0100B1A9A2 /* Strings+Generated.swift in Sources */ = {isa = PBXBuildFile; fileRef = 6CDFCC262B193E0100B1A9A2 /* Strings+Generated.swift */; };
		6CDFCC292B193E0A00B1A9A2 /* XCAssets+Generated.swift in Sources */ = {isa = PBXBuildFile; fileRef = 6CDFCC282B193E0A00B1A9A2 /* XCAssets+Generated.swift */; };
/* End PBXBuildFile section */

/* Begin PBXFileReference section */
		6C2FE75F2B16836C0092BFE5 /* HeartRateMonitorApp.app */ = {isa = PBXFileReference; explicitFileType = wrapper.application; includeInIndex = 0; path = HeartRateMonitorApp.app; sourceTree = BUILT_PRODUCTS_DIR; };
		6C2FE7622B16836C0092BFE5 /* HeartRateMonitorApp.swift */ = {isa = PBXFileReference; lastKnownFileType = sourcecode.swift; path = HeartRateMonitorApp.swift; sourceTree = "<group>"; };
		6C2FE7662B1683730092BFE5 /* Assets.xcassets */ = {isa = PBXFileReference; lastKnownFileType = folder.assetcatalog; path = Assets.xcassets; sourceTree = "<group>"; };
		6C2FE7692B1683730092BFE5 /* Preview Assets.xcassets */ = {isa = PBXFileReference; lastKnownFileType = folder.assetcatalog; path = "Preview Assets.xcassets"; sourceTree = "<group>"; };
		6C2FE7742B174B650092BFE5 /* en */ = {isa = PBXFileReference; lastKnownFileType = text.plist.strings; name = en; path = en.lproj/Localizable.strings; sourceTree = "<group>"; };
		6C2FE7762B174BD40092BFE5 /* ru */ = {isa = PBXFileReference; lastKnownFileType = text.plist.strings; name = ru; path = ru.lproj/Localizable.strings; sourceTree = "<group>"; };
		6C2FE7922B1795210092BFE5 /* HomeHealthViewModel.swift */ = {isa = PBXFileReference; lastKnownFileType = sourcecode.swift; path = HomeHealthViewModel.swift; sourceTree = "<group>"; };
		6C2FE7942B1796870092BFE5 /* HomeHealthView.swift */ = {isa = PBXFileReference; lastKnownFileType = sourcecode.swift; path = HomeHealthView.swift; sourceTree = "<group>"; };
		6C2FE7992B1797480092BFE5 /* TabBarView.swift */ = {isa = PBXFileReference; lastKnownFileType = sourcecode.swift; path = TabBarView.swift; sourceTree = "<group>"; };
		6C2FE79E2B1797F90092BFE5 /* HistoryViewModel.swift */ = {isa = PBXFileReference; lastKnownFileType = sourcecode.swift; path = HistoryViewModel.swift; sourceTree = "<group>"; };
		6C2FE7A02B1798110092BFE5 /* HistoryView.swift */ = {isa = PBXFileReference; lastKnownFileType = sourcecode.swift; path = HistoryView.swift; sourceTree = "<group>"; };
		6C2FE7A32B1799800092BFE5 /* CustomButtonOnTabBar.swift */ = {isa = PBXFileReference; lastKnownFileType = sourcecode.swift; path = CustomButtonOnTabBar.swift; sourceTree = "<group>"; };
		6C2FE7A82B18E6B00092BFE5 /* Color+Extension.swift */ = {isa = PBXFileReference; lastKnownFileType = sourcecode.swift; path = "Color+Extension.swift"; sourceTree = "<group>"; };
		6CDFCC1A2B1928BC00B1A9A2 /* Info.plist */ = {isa = PBXFileReference; lastKnownFileType = text.plist; path = Info.plist; sourceTree = "<group>"; };
		6CDFCC1F2B192D4C00B1A9A2 /* Gilroy-bold.ttf */ = {isa = PBXFileReference; lastKnownFileType = file; path = "Gilroy-bold.ttf"; sourceTree = "<group>"; };
		6CDFCC222B19355600B1A9A2 /* Font+Extension.swift */ = {isa = PBXFileReference; lastKnownFileType = sourcecode.swift; path = "Font+Extension.swift"; sourceTree = "<group>"; };
		6CDFCC262B193E0100B1A9A2 /* Strings+Generated.swift */ = {isa = PBXFileReference; fileEncoding = 4; lastKnownFileType = sourcecode.swift; path = "Strings+Generated.swift"; sourceTree = "<group>"; };
		6CDFCC282B193E0A00B1A9A2 /* XCAssets+Generated.swift */ = {isa = PBXFileReference; fileEncoding = 4; lastKnownFileType = sourcecode.swift; path = "XCAssets+Generated.swift"; sourceTree = "<group>"; };
/* End PBXFileReference section */

/* Begin PBXFrameworksBuildPhase section */
		6C2FE75C2B16836C0092BFE5 /* Frameworks */ = {
			isa = PBXFrameworksBuildPhase;
			buildActionMask = 2147483647;
			files = (
			);
			runOnlyForDeploymentPostprocessing = 0;
		};
/* End PBXFrameworksBuildPhase section */

/* Begin PBXGroup section */
		6C2FE7562B16836B0092BFE5 = {
			isa = PBXGroup;
			children = (
				6C2FE7612B16836C0092BFE5 /* HeartRateMonitorApp */,
				6C2FE7602B16836C0092BFE5 /* Products */,
			);
			sourceTree = "<group>";
		};
		6C2FE7602B16836C0092BFE5 /* Products */ = {
			isa = PBXGroup;
			children = (
				6C2FE75F2B16836C0092BFE5 /* HeartRateMonitorApp.app */,
			);
			name = Products;
			sourceTree = "<group>";
		};
		6C2FE7612B16836C0092BFE5 /* HeartRateMonitorApp */ = {
			isa = PBXGroup;
			children = (
				6CDFCC1A2B1928BC00B1A9A2 /* Info.plist */,
				6C2FE7622B16836C0092BFE5 /* HeartRateMonitorApp.swift */,
				6C2FE7962B1796C10092BFE5 /* Generated */,
				6C2FE7A22B1799400092BFE5 /* CustomViews */,
				6C2FE7972B1797210092BFE5 /* TabBarModule */,
				6C2FE78D2B1794A10092BFE5 /* HomeHealthModule */,
				6C2FE79B2B1797AF0092BFE5 /* HistoryModule */,
				6C2FE7A72B18E6730092BFE5 /* Extensions */,
				6CDFCC172B1927FE00B1A9A2 /* Fonts */,
				6C2FE7662B1683730092BFE5 /* Assets.xcassets */,
				6C2FE7752B174B650092BFE5 /* Localizable.strings */,
				6C2FE7682B1683730092BFE5 /* Preview Content */,
			);
			path = HeartRateMonitorApp;
			sourceTree = "<group>";
		};
		6C2FE7682B1683730092BFE5 /* Preview Content */ = {
			isa = PBXGroup;
			children = (
				6C2FE7692B1683730092BFE5 /* Preview Assets.xcassets */,
			);
			path = "Preview Content";
			sourceTree = "<group>";
		};
		6C2FE78D2B1794A10092BFE5 /* HomeHealthModule */ = {
			isa = PBXGroup;
			children = (
				6C2FE78F2B1794F20092BFE5 /* View */,
				6C2FE78E2B1794E30092BFE5 /* ViewModel */,
			);
			path = HomeHealthModule;
			sourceTree = "<group>";
		};
		6C2FE78E2B1794E30092BFE5 /* ViewModel */ = {
			isa = PBXGroup;
			children = (
				6C2FE7922B1795210092BFE5 /* HomeHealthViewModel.swift */,
			);
			path = ViewModel;
			sourceTree = "<group>";
		};
		6C2FE78F2B1794F20092BFE5 /* View */ = {
			isa = PBXGroup;
			children = (
				6C2FE7942B1796870092BFE5 /* HomeHealthView.swift */,
			);
			path = View;
			sourceTree = "<group>";
		};
		6C2FE7962B1796C10092BFE5 /* Generated */ = {
			isa = PBXGroup;
			children = (
				6CDFCC262B193E0100B1A9A2 /* Strings+Generated.swift */,
				6CDFCC282B193E0A00B1A9A2 /* XCAssets+Generated.swift */,
			);
			path = Generated;
			sourceTree = "<group>";
		};
		6C2FE7972B1797210092BFE5 /* TabBarModule */ = {
			isa = PBXGroup;
			children = (
				6C2FE7982B1797350092BFE5 /* View */,
			);
			path = TabBarModule;
			sourceTree = "<group>";
		};
		6C2FE7982B1797350092BFE5 /* View */ = {
			isa = PBXGroup;
			children = (
				6C2FE7992B1797480092BFE5 /* TabBarView.swift */,
			);
			path = View;
			sourceTree = "<group>";
		};
		6C2FE79B2B1797AF0092BFE5 /* HistoryModule */ = {
			isa = PBXGroup;
			children = (
				6C2FE79D2B1797C80092BFE5 /* View */,
				6C2FE79C2B1797C10092BFE5 /* ViewModel */,
			);
			path = HistoryModule;
			sourceTree = "<group>";
		};
		6C2FE79C2B1797C10092BFE5 /* ViewModel */ = {
			isa = PBXGroup;
			children = (
				6C2FE79E2B1797F90092BFE5 /* HistoryViewModel.swift */,
			);
			path = ViewModel;
			sourceTree = "<group>";
		};
		6C2FE79D2B1797C80092BFE5 /* View */ = {
			isa = PBXGroup;
			children = (
				6C2FE7A02B1798110092BFE5 /* HistoryView.swift */,
			);
			path = View;
			sourceTree = "<group>";
		};
		6C2FE7A22B1799400092BFE5 /* CustomViews */ = {
			isa = PBXGroup;
			children = (
				6C2FE7A32B1799800092BFE5 /* CustomButtonOnTabBar.swift */,
			);
			path = CustomViews;
			sourceTree = "<group>";
		};
		6C2FE7A72B18E6730092BFE5 /* Extensions */ = {
			isa = PBXGroup;
			children = (
				6C2FE7A82B18E6B00092BFE5 /* Color+Extension.swift */,
				6CDFCC222B19355600B1A9A2 /* Font+Extension.swift */,
			);
			path = Extensions;
			sourceTree = "<group>";
		};
		6CDFCC172B1927FE00B1A9A2 /* Fonts */ = {
			isa = PBXGroup;
			children = (
				6CDFCC1F2B192D4C00B1A9A2 /* Gilroy-bold.ttf */,
			);
			path = Fonts;
			sourceTree = "<group>";
		};
/* End PBXGroup section */

/* Begin PBXNativeTarget section */
		6C2FE75E2B16836C0092BFE5 /* HeartRateMonitorApp */ = {
			isa = PBXNativeTarget;
			buildConfigurationList = 6C2FE76D2B1683730092BFE5 /* Build configuration list for PBXNativeTarget "HeartRateMonitorApp" */;
			buildPhases = (
				6C2FE75B2B16836C0092BFE5 /* Sources */,
				6C2FE75C2B16836C0092BFE5 /* Frameworks */,
				6C2FE75D2B16836C0092BFE5 /* Resources */,
				6C2FE7702B16859E0092BFE5 /* SwiftLint */,
			);
			buildRules = (
			);
			dependencies = (
			);
			name = HeartRateMonitorApp;
			productName = HeartRateMonitorApp;
			productReference = 6C2FE75F2B16836C0092BFE5 /* HeartRateMonitorApp.app */;
			productType = "com.apple.product-type.application";
		};
/* End PBXNativeTarget section */

/* Begin PBXProject section */
		6C2FE7572B16836B0092BFE5 /* Project object */ = {
			isa = PBXProject;
			attributes = {
				BuildIndependentTargetsInParallel = 1;
				LastSwiftUpdateCheck = 1500;
				LastUpgradeCheck = 1500;
				TargetAttributes = {
					6C2FE75E2B16836C0092BFE5 = {
						CreatedOnToolsVersion = 15.0.1;
					};
				};
			};
			buildConfigurationList = 6C2FE75A2B16836B0092BFE5 /* Build configuration list for PBXProject "HeartRateMonitorApp" */;
			compatibilityVersion = "Xcode 14.0";
			developmentRegion = en;
			hasScannedForEncodings = 0;
			knownRegions = (
				en,
				Base,
				ru,
			);
			mainGroup = 6C2FE7562B16836B0092BFE5;
			productRefGroup = 6C2FE7602B16836C0092BFE5 /* Products */;
			projectDirPath = "";
			projectRoot = "";
			targets = (
				6C2FE75E2B16836C0092BFE5 /* HeartRateMonitorApp */,
			);
		};
/* End PBXProject section */

/* Begin PBXResourcesBuildPhase section */
		6C2FE75D2B16836C0092BFE5 /* Resources */ = {
			isa = PBXResourcesBuildPhase;
			buildActionMask = 2147483647;
			files = (
				6C2FE76A2B1683730092BFE5 /* Preview Assets.xcassets in Resources */,
				6C2FE7732B174B650092BFE5 /* Localizable.strings in Resources */,
				6C2FE7672B1683730092BFE5 /* Assets.xcassets in Resources */,
				6CDFCC202B192D4C00B1A9A2 /* Gilroy-bold.ttf in Resources */,
			);
			runOnlyForDeploymentPostprocessing = 0;
		};
/* End PBXResourcesBuildPhase section */

/* Begin PBXShellScriptBuildPhase section */
		6C2FE7702B16859E0092BFE5 /* SwiftLint */ = {
			isa = PBXShellScriptBuildPhase;
			alwaysOutOfDate = 1;
			buildActionMask = 2147483647;
			files = (
			);
			inputFileListPaths = (
			);
			inputPaths = (
			);
			name = SwiftLint;
			outputFileListPaths = (
			);
			outputPaths = (
			);
			runOnlyForDeploymentPostprocessing = 0;
			shellPath = /bin/sh;
			shellScript = "if [[ \"$(uname -m)\" == arm64 ]]; then\n    export PATH=\"/opt/homebrew/bin:$PATH\"\nfi\n\nif which swiftlint > /dev/null; then\n  swiftlint\nelse\n  echo \"warning: SwiftLint not installed, download from https://github.com/realm/SwiftLint\"\nfi\n";
		};
/* End PBXShellScriptBuildPhase section */

/* Begin PBXSourcesBuildPhase section */
		6C2FE75B2B16836C0092BFE5 /* Sources */ = {
			isa = PBXSourcesBuildPhase;
			buildActionMask = 2147483647;
			files = (
				6C2FE7A42B1799800092BFE5 /* CustomButtonOnTabBar.swift in Sources */,
				6CDFCC232B19355600B1A9A2 /* Font+Extension.swift in Sources */,
				6CDFCC272B193E0100B1A9A2 /* Strings+Generated.swift in Sources */,
				6C2FE7A12B1798110092BFE5 /* HistoryView.swift in Sources */,
				6C2FE7932B1795210092BFE5 /* HomeHealthViewModel.swift in Sources */,
				6C2FE7632B16836C0092BFE5 /* HeartRateMonitorApp.swift in Sources */,
				6C2FE79A2B1797480092BFE5 /* TabBarView.swift in Sources */,
				6C2FE7952B1796870092BFE5 /* HomeHealthView.swift in Sources */,
				6C2FE7A92B18E6B00092BFE5 /* Color+Extension.swift in Sources */,
				6C2FE79F2B1797F90092BFE5 /* HistoryViewModel.swift in Sources */,
				6CDFCC292B193E0A00B1A9A2 /* XCAssets+Generated.swift in Sources */,
			);
			runOnlyForDeploymentPostprocessing = 0;
		};
/* End PBXSourcesBuildPhase section */

/* Begin PBXVariantGroup section */
		6C2FE7752B174B650092BFE5 /* Localizable.strings */ = {
			isa = PBXVariantGroup;
			children = (
				6C2FE7742B174B650092BFE5 /* en */,
				6C2FE7762B174BD40092BFE5 /* ru */,
			);
			name = Localizable.strings;
			sourceTree = "<group>";
		};
/* End PBXVariantGroup section */

/* Begin XCBuildConfiguration section */
		6C2FE76B2B1683730092BFE5 /* Debug */ = {
			isa = XCBuildConfiguration;
			buildSettings = {
				ALWAYS_SEARCH_USER_PATHS = NO;
				ASSETCATALOG_COMPILER_GENERATE_SWIFT_ASSET_SYMBOL_EXTENSIONS = YES;
				CLANG_ANALYZER_LOCALIZABILITY_NONLOCALIZED = YES;
				CLANG_ANALYZER_NONNULL = YES;
				CLANG_ANALYZER_NUMBER_OBJECT_CONVERSION = YES_AGGRESSIVE;
				CLANG_CXX_LANGUAGE_STANDARD = "gnu++20";
				CLANG_ENABLE_MODULES = YES;
				CLANG_ENABLE_OBJC_ARC = YES;
				CLANG_ENABLE_OBJC_WEAK = YES;
				CLANG_WARN_BLOCK_CAPTURE_AUTORELEASING = YES;
				CLANG_WARN_BOOL_CONVERSION = YES;
				CLANG_WARN_COMMA = YES;
				CLANG_WARN_CONSTANT_CONVERSION = YES;
				CLANG_WARN_DEPRECATED_OBJC_IMPLEMENTATIONS = YES;
				CLANG_WARN_DIRECT_OBJC_ISA_USAGE = YES_ERROR;
				CLANG_WARN_DOCUMENTATION_COMMENTS = YES;
				CLANG_WARN_EMPTY_BODY = YES;
				CLANG_WARN_ENUM_CONVERSION = YES;
				CLANG_WARN_INFINITE_RECURSION = YES;
				CLANG_WARN_INT_CONVERSION = YES;
				CLANG_WARN_NON_LITERAL_NULL_CONVERSION = YES;
				CLANG_WARN_OBJC_IMPLICIT_RETAIN_SELF = YES;
				CLANG_WARN_OBJC_LITERAL_CONVERSION = YES;
				CLANG_WARN_OBJC_ROOT_CLASS = YES_ERROR;
				CLANG_WARN_QUOTED_INCLUDE_IN_FRAMEWORK_HEADER = YES;
				CLANG_WARN_RANGE_LOOP_ANALYSIS = YES;
				CLANG_WARN_STRICT_PROTOTYPES = YES;
				CLANG_WARN_SUSPICIOUS_MOVE = YES;
				CLANG_WARN_UNGUARDED_AVAILABILITY = YES_AGGRESSIVE;
				CLANG_WARN_UNREACHABLE_CODE = YES;
				CLANG_WARN__DUPLICATE_METHOD_MATCH = YES;
				COPY_PHASE_STRIP = NO;
				DEBUG_INFORMATION_FORMAT = dwarf;
				ENABLE_STRICT_OBJC_MSGSEND = YES;
				ENABLE_TESTABILITY = YES;
				ENABLE_USER_SCRIPT_SANDBOXING = NO;
				GCC_C_LANGUAGE_STANDARD = gnu17;
				GCC_DYNAMIC_NO_PIC = NO;
				GCC_NO_COMMON_BLOCKS = YES;
				GCC_OPTIMIZATION_LEVEL = 0;
				GCC_PREPROCESSOR_DEFINITIONS = (
					"DEBUG=1",
					"$(inherited)",
				);
				GCC_WARN_64_TO_32_BIT_CONVERSION = YES;
				GCC_WARN_ABOUT_RETURN_TYPE = YES_ERROR;
				GCC_WARN_UNDECLARED_SELECTOR = YES;
				GCC_WARN_UNINITIALIZED_AUTOS = YES_AGGRESSIVE;
				GCC_WARN_UNUSED_FUNCTION = YES;
				GCC_WARN_UNUSED_VARIABLE = YES;
				IPHONEOS_DEPLOYMENT_TARGET = 17.0;
				LOCALIZATION_PREFERS_STRING_CATALOGS = YES;
				MTL_ENABLE_DEBUG_INFO = INCLUDE_SOURCE;
				MTL_FAST_MATH = YES;
				ONLY_ACTIVE_ARCH = YES;
				SDKROOT = iphoneos;
				SWIFT_ACTIVE_COMPILATION_CONDITIONS = "DEBUG $(inherited)";
				SWIFT_OPTIMIZATION_LEVEL = "-Onone";
			};
			name = Debug;
		};
		6C2FE76C2B1683730092BFE5 /* Release */ = {
			isa = XCBuildConfiguration;
			buildSettings = {
				ALWAYS_SEARCH_USER_PATHS = NO;
				ASSETCATALOG_COMPILER_GENERATE_SWIFT_ASSET_SYMBOL_EXTENSIONS = YES;
				CLANG_ANALYZER_LOCALIZABILITY_NONLOCALIZED = YES;
				CLANG_ANALYZER_NONNULL = YES;
				CLANG_ANALYZER_NUMBER_OBJECT_CONVERSION = YES_AGGRESSIVE;
				CLANG_CXX_LANGUAGE_STANDARD = "gnu++20";
				CLANG_ENABLE_MODULES = YES;
				CLANG_ENABLE_OBJC_ARC = YES;
				CLANG_ENABLE_OBJC_WEAK = YES;
				CLANG_WARN_BLOCK_CAPTURE_AUTORELEASING = YES;
				CLANG_WARN_BOOL_CONVERSION = YES;
				CLANG_WARN_COMMA = YES;
				CLANG_WARN_CONSTANT_CONVERSION = YES;
				CLANG_WARN_DEPRECATED_OBJC_IMPLEMENTATIONS = YES;
				CLANG_WARN_DIRECT_OBJC_ISA_USAGE = YES_ERROR;
				CLANG_WARN_DOCUMENTATION_COMMENTS = YES;
				CLANG_WARN_EMPTY_BODY = YES;
				CLANG_WARN_ENUM_CONVERSION = YES;
				CLANG_WARN_INFINITE_RECURSION = YES;
				CLANG_WARN_INT_CONVERSION = YES;
				CLANG_WARN_NON_LITERAL_NULL_CONVERSION = YES;
				CLANG_WARN_OBJC_IMPLICIT_RETAIN_SELF = YES;
				CLANG_WARN_OBJC_LITERAL_CONVERSION = YES;
				CLANG_WARN_OBJC_ROOT_CLASS = YES_ERROR;
				CLANG_WARN_QUOTED_INCLUDE_IN_FRAMEWORK_HEADER = YES;
				CLANG_WARN_RANGE_LOOP_ANALYSIS = YES;
				CLANG_WARN_STRICT_PROTOTYPES = YES;
				CLANG_WARN_SUSPICIOUS_MOVE = YES;
				CLANG_WARN_UNGUARDED_AVAILABILITY = YES_AGGRESSIVE;
				CLANG_WARN_UNREACHABLE_CODE = YES;
				CLANG_WARN__DUPLICATE_METHOD_MATCH = YES;
				COPY_PHASE_STRIP = NO;
				DEBUG_INFORMATION_FORMAT = "dwarf-with-dsym";
				ENABLE_NS_ASSERTIONS = NO;
				ENABLE_STRICT_OBJC_MSGSEND = YES;
				ENABLE_USER_SCRIPT_SANDBOXING = NO;
				GCC_C_LANGUAGE_STANDARD = gnu17;
				GCC_NO_COMMON_BLOCKS = YES;
				GCC_WARN_64_TO_32_BIT_CONVERSION = YES;
				GCC_WARN_ABOUT_RETURN_TYPE = YES_ERROR;
				GCC_WARN_UNDECLARED_SELECTOR = YES;
				GCC_WARN_UNINITIALIZED_AUTOS = YES_AGGRESSIVE;
				GCC_WARN_UNUSED_FUNCTION = YES;
				GCC_WARN_UNUSED_VARIABLE = YES;
				IPHONEOS_DEPLOYMENT_TARGET = 17.0;
				LOCALIZATION_PREFERS_STRING_CATALOGS = YES;
				MTL_ENABLE_DEBUG_INFO = NO;
				MTL_FAST_MATH = YES;
				SDKROOT = iphoneos;
				SWIFT_COMPILATION_MODE = wholemodule;
				VALIDATE_PRODUCT = YES;
			};
			name = Release;
		};
		6C2FE76E2B1683730092BFE5 /* Debug */ = {
			isa = XCBuildConfiguration;
			buildSettings = {
				ASSETCATALOG_COMPILER_APPICON_NAME = AppIcon;
				ASSETCATALOG_COMPILER_GLOBAL_ACCENT_COLOR_NAME = AccentColor;
				CODE_SIGN_STYLE = Automatic;
				CURRENT_PROJECT_VERSION = 1;
				DEVELOPMENT_ASSET_PATHS = "\"HeartRateMonitorApp/Preview Content\"";
				DEVELOPMENT_TEAM = 7LVP8USRP3;
				ENABLE_PREVIEWS = YES;
				GENERATE_INFOPLIST_FILE = YES;
				INFOPLIST_FILE = HeartRateMonitorApp/Info.plist;
				INFOPLIST_KEY_UIApplicationSceneManifest_Generation = YES;
				INFOPLIST_KEY_UIApplicationSupportsIndirectInputEvents = YES;
				INFOPLIST_KEY_UILaunchScreen_Generation = YES;
				INFOPLIST_KEY_UISupportedInterfaceOrientations_iPad = "UIInterfaceOrientationPortrait UIInterfaceOrientationPortraitUpsideDown UIInterfaceOrientationLandscapeLeft UIInterfaceOrientationLandscapeRight";
				INFOPLIST_KEY_UISupportedInterfaceOrientations_iPhone = "UIInterfaceOrientationPortrait UIInterfaceOrientationLandscapeLeft UIInterfaceOrientationLandscapeRight";
				IPHONEOS_DEPLOYMENT_TARGET = 16.0;
				LD_RUNPATH_SEARCH_PATHS = (
					"$(inherited)",
					"@executable_path/Frameworks",
				);
				MARKETING_VERSION = 1.0;
				PRODUCT_BUNDLE_IDENTIFIER = mk.HeartRateMonitorApp;
				PRODUCT_NAME = "$(TARGET_NAME)";
				SWIFT_EMIT_LOC_STRINGS = YES;
				SWIFT_VERSION = 5.0;
				TARGETED_DEVICE_FAMILY = "1,2";
			};
			name = Debug;
		};
		6C2FE76F2B1683730092BFE5 /* Release */ = {
			isa = XCBuildConfiguration;
			buildSettings = {
				ASSETCATALOG_COMPILER_APPICON_NAME = AppIcon;
				ASSETCATALOG_COMPILER_GLOBAL_ACCENT_COLOR_NAME = AccentColor;
				CODE_SIGN_STYLE = Automatic;
				CURRENT_PROJECT_VERSION = 1;
				DEVELOPMENT_ASSET_PATHS = "\"HeartRateMonitorApp/Preview Content\"";
				DEVELOPMENT_TEAM = 7LVP8USRP3;
				ENABLE_PREVIEWS = YES;
				GENERATE_INFOPLIST_FILE = YES;
				INFOPLIST_FILE = HeartRateMonitorApp/Info.plist;
				INFOPLIST_KEY_UIApplicationSceneManifest_Generation = YES;
				INFOPLIST_KEY_UIApplicationSupportsIndirectInputEvents = YES;
				INFOPLIST_KEY_UILaunchScreen_Generation = YES;
				INFOPLIST_KEY_UISupportedInterfaceOrientations_iPad = "UIInterfaceOrientationPortrait UIInterfaceOrientationPortraitUpsideDown UIInterfaceOrientationLandscapeLeft UIInterfaceOrientationLandscapeRight";
				INFOPLIST_KEY_UISupportedInterfaceOrientations_iPhone = "UIInterfaceOrientationPortrait UIInterfaceOrientationLandscapeLeft UIInterfaceOrientationLandscapeRight";
				IPHONEOS_DEPLOYMENT_TARGET = 16.0;
				LD_RUNPATH_SEARCH_PATHS = (
					"$(inherited)",
					"@executable_path/Frameworks",
				);
				MARKETING_VERSION = 1.0;
				PRODUCT_BUNDLE_IDENTIFIER = mk.HeartRateMonitorApp;
				PRODUCT_NAME = "$(TARGET_NAME)";
				SWIFT_EMIT_LOC_STRINGS = YES;
				SWIFT_VERSION = 5.0;
				TARGETED_DEVICE_FAMILY = "1,2";
			};
			name = Release;
		};
/* End XCBuildConfiguration section */

/* Begin XCConfigurationList section */
		6C2FE75A2B16836B0092BFE5 /* Build configuration list for PBXProject "HeartRateMonitorApp" */ = {
			isa = XCConfigurationList;
			buildConfigurations = (
				6C2FE76B2B1683730092BFE5 /* Debug */,
				6C2FE76C2B1683730092BFE5 /* Release */,
			);
			defaultConfigurationIsVisible = 0;
			defaultConfigurationName = Release;
		};
		6C2FE76D2B1683730092BFE5 /* Build configuration list for PBXNativeTarget "HeartRateMonitorApp" */ = {
			isa = XCConfigurationList;
			buildConfigurations = (
				6C2FE76E2B1683730092BFE5 /* Debug */,
				6C2FE76F2B1683730092BFE5 /* Release */,
			);
			defaultConfigurationIsVisible = 0;
			defaultConfigurationName = Release;
		};
/* End XCConfigurationList section */
	};
	rootObject = 6C2FE7572B16836B0092BFE5 /* Project object */;
}
