// !$*UTF8*$!
{
	archiveVersion = 1;
	classes = {
	};
	objectVersion = 56;
	objects = {

/* Begin PBXBuildFile section */
		6C07CBF92B8B9195009CB990 /* CustomButtonPopupPresented.swift in Sources */ = {isa = PBXBuildFile; fileRef = 6C07CBF82B8B9195009CB990 /* CustomButtonPopupPresented.swift */; };
		6C07CBFB2B8B93EB009CB990 /* MeasureDefaultDashboard.swift in Sources */ = {isa = PBXBuildFile; fileRef = 6C07CBFA2B8B93EB009CB990 /* MeasureDefaultDashboard.swift */; };
		6C07CBFD2B8B94E0009CB990 /* MeasureNoDataDashboard.swift in Sources */ = {isa = PBXBuildFile; fileRef = 6C07CBFC2B8B94E0009CB990 /* MeasureNoDataDashboard.swift */; };
		6C245FE32B6A41EC00E8699A /* CustomMainSettingsButton.swift in Sources */ = {isa = PBXBuildFile; fileRef = 6C245FE22B6A41EC00E8699A /* CustomMainSettingsButton.swift */; };
		6C245FE52B6A5E2100E8699A /* Gilroy-black.ttf in Resources */ = {isa = PBXBuildFile; fileRef = 6C245FE42B6A5E2100E8699A /* Gilroy-black.ttf */; };
		6C245FE72B6A64A100E8699A /* CustomHistoryView.swift in Sources */ = {isa = PBXBuildFile; fileRef = 6C245FE62B6A64A100E8699A /* CustomHistoryView.swift */; };
		6C2FE7632B16836C0092BFE5 /* HeartRateMonitorApp.swift in Sources */ = {isa = PBXBuildFile; fileRef = 6C2FE7622B16836C0092BFE5 /* HeartRateMonitorApp.swift */; };
		6C2FE7672B1683730092BFE5 /* Assets.xcassets in Resources */ = {isa = PBXBuildFile; fileRef = 6C2FE7662B1683730092BFE5 /* Assets.xcassets */; };
		6C2FE76A2B1683730092BFE5 /* Preview Assets.xcassets in Resources */ = {isa = PBXBuildFile; fileRef = 6C2FE7692B1683730092BFE5 /* Preview Assets.xcassets */; };
		6C2FE7732B174B650092BFE5 /* Localizable.strings in Resources */ = {isa = PBXBuildFile; fileRef = 6C2FE7752B174B650092BFE5 /* Localizable.strings */; };
		6C2FE7932B1795210092BFE5 /* HomeHealthViewModel.swift in Sources */ = {isa = PBXBuildFile; fileRef = 6C2FE7922B1795210092BFE5 /* HomeHealthViewModel.swift */; };
		6C2FE7952B1796870092BFE5 /* HomeHealthView.swift in Sources */ = {isa = PBXBuildFile; fileRef = 6C2FE7942B1796870092BFE5 /* HomeHealthView.swift */; };
		6C2FE79A2B1797480092BFE5 /* TabBarView.swift in Sources */ = {isa = PBXBuildFile; fileRef = 6C2FE7992B1797480092BFE5 /* TabBarView.swift */; };
		6C2FE79F2B1797F90092BFE5 /* HistoryViewModel.swift in Sources */ = {isa = PBXBuildFile; fileRef = 6C2FE79E2B1797F90092BFE5 /* HistoryViewModel.swift */; };
		6C2FE7A12B1798110092BFE5 /* HistoryView.swift in Sources */ = {isa = PBXBuildFile; fileRef = 6C2FE7A02B1798110092BFE5 /* HistoryView.swift */; };
		6C2FE7A42B1799800092BFE5 /* CustomButtonOnTabBar.swift in Sources */ = {isa = PBXBuildFile; fileRef = 6C2FE7A32B1799800092BFE5 /* CustomButtonOnTabBar.swift */; };
		6C2FE7A92B18E6B00092BFE5 /* Color+Extension.swift in Sources */ = {isa = PBXBuildFile; fileRef = 6C2FE7A82B18E6B00092BFE5 /* Color+Extension.swift */; };
		6C3261962B67F2C100A15BEA /* AppConstants.swift in Sources */ = {isa = PBXBuildFile; fileRef = 6C3261952B67F2C100A15BEA /* AppConstants.swift */; };
		6C32619A2B67F71E00A15BEA /* Realm in Frameworks */ = {isa = PBXBuildFile; productRef = 6C3261992B67F71E00A15BEA /* Realm */; };
		6C32619C2B67F71E00A15BEA /* RealmSwift in Frameworks */ = {isa = PBXBuildFile; productRef = 6C32619B2B67F71E00A15BEA /* RealmSwift */; };
		6C32619E2B67F7DE00A15BEA /* RealmManager.swift in Sources */ = {isa = PBXBuildFile; fileRef = 6C32619D2B67F7DE00A15BEA /* RealmManager.swift */; };
		6C54B5182B20A9B600F6E360 /* Fonts+Generated.swift in Sources */ = {isa = PBXBuildFile; fileRef = 6C54B5172B20A9B500F6E360 /* Fonts+Generated.swift */; };
		6C5644C22B74DD7700C3CEB6 /* HistoryInfoViewModel.swift in Sources */ = {isa = PBXBuildFile; fileRef = 6C5644C12B74DD7700C3CEB6 /* HistoryInfoViewModel.swift */; };
		6CA0C9062B234E51003819B6 /* Urbanist-Medium.ttf in Resources */ = {isa = PBXBuildFile; fileRef = 6CA0C9052B234E51003819B6 /* Urbanist-Medium.ttf */; };
		6CA0C9082B2351C9003819B6 /* CustomPopupVStackInfo.swift in Sources */ = {isa = PBXBuildFile; fileRef = 6CA0C9072B2351C9003819B6 /* CustomPopupVStackInfo.swift */; };
		6CA8787D2B4D637D00B2DCC3 /* LaunchScreenViewModel.swift in Sources */ = {isa = PBXBuildFile; fileRef = 6CA8787C2B4D637D00B2DCC3 /* LaunchScreenViewModel.swift */; };
		6CA8787F2B4D642300B2DCC3 /* LaunchScreenView.swift in Sources */ = {isa = PBXBuildFile; fileRef = 6CA8787E2B4D642300B2DCC3 /* LaunchScreenView.swift */; };
		6CA878842B4D742800B2DCC3 /* OnboardingViewModel.swift in Sources */ = {isa = PBXBuildFile; fileRef = 6CA878832B4D742800B2DCC3 /* OnboardingViewModel.swift */; };
		6CA878862B4D744000B2DCC3 /* OnboardingView.swift in Sources */ = {isa = PBXBuildFile; fileRef = 6CA878852B4D744000B2DCC3 /* OnboardingView.swift */; };
		6CA878892B4D74B800B2DCC3 /* OnboardingModel.swift in Sources */ = {isa = PBXBuildFile; fileRef = 6CA878882B4D74B800B2DCC3 /* OnboardingModel.swift */; };
		6CBD64CE2B1DEFAC001D1DBF /* SettingsViewModel.swift in Sources */ = {isa = PBXBuildFile; fileRef = 6CBD64CD2B1DEFAC001D1DBF /* SettingsViewModel.swift */; };
		6CBD64D02B1DEFBF001D1DBF /* SettingsView.swift in Sources */ = {isa = PBXBuildFile; fileRef = 6CBD64CF2B1DEFBF001D1DBF /* SettingsView.swift */; };
		6CBD64D62B1E1902001D1DBF /* Urbanist-SemiBold.ttf in Resources */ = {isa = PBXBuildFile; fileRef = 6CBD64D52B1E1902001D1DBF /* Urbanist-SemiBold.ttf */; };
		6CBD64DE2B1F4D47001D1DBF /* Date+Extension.swift in Sources */ = {isa = PBXBuildFile; fileRef = 6CBD64DD2B1F4D47001D1DBF /* Date+Extension.swift */; };
		6CC6AE292B2B81A800F83B8B /* CustomSettingsButton.swift in Sources */ = {isa = PBXBuildFile; fileRef = 6CC6AE282B2B81A700F83B8B /* CustomSettingsButton.swift */; };
		6CC6AE302B2C89D100F83B8B /* MeasurementView.swift in Sources */ = {isa = PBXBuildFile; fileRef = 6CC6AE2F2B2C89D100F83B8B /* MeasurementView.swift */; };
		6CC6AE322B2C8A1500F83B8B /* MeasurementViewModel.swift in Sources */ = {isa = PBXBuildFile; fileRef = 6CC6AE312B2C8A1500F83B8B /* MeasurementViewModel.swift */; };
		6CC6AE9B2B3332CA00F83B8B /* ColorUtils.swift in Sources */ = {isa = PBXBuildFile; fileRef = 6CC6AE9A2B3332CA00F83B8B /* ColorUtils.swift */; };
		6CC6AE9E2B33340100F83B8B /* Filter.swift in Sources */ = {isa = PBXBuildFile; fileRef = 6CC6AE9D2B33340100F83B8B /* Filter.swift */; };
		6CC6AEA02B33343400F83B8B /* PulseDetector.swift in Sources */ = {isa = PBXBuildFile; fileRef = 6CC6AE9F2B33343400F83B8B /* PulseDetector.swift */; };
		6CC6AEA22B33366600F83B8B /* AVCaptureDevice+Extension.swift in Sources */ = {isa = PBXBuildFile; fileRef = 6CC6AEA12B33366600F83B8B /* AVCaptureDevice+Extension.swift */; };
		6CC6AEA52B33370300F83B8B /* HeartRateManager.swift in Sources */ = {isa = PBXBuildFile; fileRef = 6CC6AEA42B33370300F83B8B /* HeartRateManager.swift */; };
		6CDBE64A2B827E6E000CA393 /* PulseChartView.swift in Sources */ = {isa = PBXBuildFile; fileRef = 6CDBE6492B827E6E000CA393 /* PulseChartView.swift */; };
		6CDBE64C2B8289CB000CA393 /* CustomToggleTodayAndWeek.swift in Sources */ = {isa = PBXBuildFile; fileRef = 6CDBE64B2B8289CB000CA393 /* CustomToggleTodayAndWeek.swift */; };
		6CDFCC202B192D4C00B1A9A2 /* Gilroy-bold.ttf in Resources */ = {isa = PBXBuildFile; fileRef = 6CDFCC1F2B192D4C00B1A9A2 /* Gilroy-bold.ttf */; };
		6CDFCC272B193E0100B1A9A2 /* Strings+Generated.swift in Sources */ = {isa = PBXBuildFile; fileRef = 6CDFCC262B193E0100B1A9A2 /* Strings+Generated.swift */; };
		6CDFCC292B193E0A00B1A9A2 /* XCAssets+Generated.swift in Sources */ = {isa = PBXBuildFile; fileRef = 6CDFCC282B193E0A00B1A9A2 /* XCAssets+Generated.swift */; };
		6CDFCC2D2B1A974C00B1A9A2 /* Urbanist-Bold.ttf in Resources */ = {isa = PBXBuildFile; fileRef = 6CDFCC2C2B1A974B00B1A9A2 /* Urbanist-Bold.ttf */; };
		6CEC0BFC2B7104A80009A872 /* RectangleView.swift in Sources */ = {isa = PBXBuildFile; fileRef = 6CEC0BFB2B7104A80009A872 /* RectangleView.swift */; };
		6CEC0BFE2B7232640009A872 /* HistoryInfoView.swift in Sources */ = {isa = PBXBuildFile; fileRef = 6CEC0BFD2B7232640009A872 /* HistoryInfoView.swift */; };
		6CEC0C002B72A3510009A872 /* CustomBackButton.swift in Sources */ = {isa = PBXBuildFile; fileRef = 6CEC0BFF2B72A3510009A872 /* CustomBackButton.swift */; };
		6CEDD4522B3C309F0024C41A /* ProgressBarView.swift in Sources */ = {isa = PBXBuildFile; fileRef = 6CEDD4512B3C309F0024C41A /* ProgressBarView.swift */; };
		6CF3FA352B247F97000EC270 /* Font+Extension.swift in Sources */ = {isa = PBXBuildFile; fileRef = 6CF3FA342B247F97000EC270 /* Font+Extension.swift */; };
		6CF3FA392B286D0B000EC270 /* CustomNavigationBar.swift in Sources */ = {isa = PBXBuildFile; fileRef = 6CF3FA382B286D0B000EC270 /* CustomNavigationBar.swift */; };
		6CF3FA3B2B2A4841000EC270 /* PopupInfoView.swift in Sources */ = {isa = PBXBuildFile; fileRef = 6CF3FA3A2B2A4840000EC270 /* PopupInfoView.swift */; };
		7CF2D5642B5DBCD000D567DD /* MeasurementContentView.swift in Sources */ = {isa = PBXBuildFile; fileRef = 7CF2D5632B5DBCD000D567DD /* MeasurementContentView.swift */; };
/* End PBXBuildFile section */

/* Begin PBXFileReference section */
		6C07CBF82B8B9195009CB990 /* CustomButtonPopupPresented.swift */ = {isa = PBXFileReference; lastKnownFileType = sourcecode.swift; path = CustomButtonPopupPresented.swift; sourceTree = "<group>"; };
		6C07CBFA2B8B93EB009CB990 /* MeasureDefaultDashboard.swift */ = {isa = PBXFileReference; lastKnownFileType = sourcecode.swift; path = MeasureDefaultDashboard.swift; sourceTree = "<group>"; };
		6C07CBFC2B8B94E0009CB990 /* MeasureNoDataDashboard.swift */ = {isa = PBXFileReference; lastKnownFileType = sourcecode.swift; path = MeasureNoDataDashboard.swift; sourceTree = "<group>"; };
		6C245FE22B6A41EC00E8699A /* CustomMainSettingsButton.swift */ = {isa = PBXFileReference; lastKnownFileType = sourcecode.swift; path = CustomMainSettingsButton.swift; sourceTree = "<group>"; };
		6C245FE42B6A5E2100E8699A /* Gilroy-black.ttf */ = {isa = PBXFileReference; lastKnownFileType = file; path = "Gilroy-black.ttf"; sourceTree = "<group>"; };
		6C245FE62B6A64A100E8699A /* CustomHistoryView.swift */ = {isa = PBXFileReference; lastKnownFileType = sourcecode.swift; path = CustomHistoryView.swift; sourceTree = "<group>"; };
		6C2FE75F2B16836C0092BFE5 /* HeartRateMonitorApp.app */ = {isa = PBXFileReference; explicitFileType = wrapper.application; includeInIndex = 0; path = HeartRateMonitorApp.app; sourceTree = BUILT_PRODUCTS_DIR; };
		6C2FE7622B16836C0092BFE5 /* HeartRateMonitorApp.swift */ = {isa = PBXFileReference; lastKnownFileType = sourcecode.swift; path = HeartRateMonitorApp.swift; sourceTree = "<group>"; };
		6C2FE7662B1683730092BFE5 /* Assets.xcassets */ = {isa = PBXFileReference; lastKnownFileType = folder.assetcatalog; path = Assets.xcassets; sourceTree = "<group>"; };
		6C2FE7692B1683730092BFE5 /* Preview Assets.xcassets */ = {isa = PBXFileReference; lastKnownFileType = folder.assetcatalog; path = "Preview Assets.xcassets"; sourceTree = "<group>"; };
		6C2FE7742B174B650092BFE5 /* en */ = {isa = PBXFileReference; lastKnownFileType = text.plist.strings; name = en; path = en.lproj/Localizable.strings; sourceTree = "<group>"; };
		6C2FE7762B174BD40092BFE5 /* ru */ = {isa = PBXFileReference; lastKnownFileType = text.plist.strings; name = ru; path = ru.lproj/Localizable.strings; sourceTree = "<group>"; };
		6C2FE7922B1795210092BFE5 /* HomeHealthViewModel.swift */ = {isa = PBXFileReference; lastKnownFileType = sourcecode.swift; path = HomeHealthViewModel.swift; sourceTree = "<group>"; };
		6C2FE7942B1796870092BFE5 /* HomeHealthView.swift */ = {isa = PBXFileReference; lastKnownFileType = sourcecode.swift; path = HomeHealthView.swift; sourceTree = "<group>"; };
		6C2FE7992B1797480092BFE5 /* TabBarView.swift */ = {isa = PBXFileReference; lastKnownFileType = sourcecode.swift; path = TabBarView.swift; sourceTree = "<group>"; };
		6C2FE79E2B1797F90092BFE5 /* HistoryViewModel.swift */ = {isa = PBXFileReference; lastKnownFileType = sourcecode.swift; path = HistoryViewModel.swift; sourceTree = "<group>"; };
		6C2FE7A02B1798110092BFE5 /* HistoryView.swift */ = {isa = PBXFileReference; lastKnownFileType = sourcecode.swift; path = HistoryView.swift; sourceTree = "<group>"; };
		6C2FE7A32B1799800092BFE5 /* CustomButtonOnTabBar.swift */ = {isa = PBXFileReference; lastKnownFileType = sourcecode.swift; path = CustomButtonOnTabBar.swift; sourceTree = "<group>"; };
		6C2FE7A82B18E6B00092BFE5 /* Color+Extension.swift */ = {isa = PBXFileReference; lastKnownFileType = sourcecode.swift; path = "Color+Extension.swift"; sourceTree = "<group>"; };
		6C3261952B67F2C100A15BEA /* AppConstants.swift */ = {isa = PBXFileReference; lastKnownFileType = sourcecode.swift; path = AppConstants.swift; sourceTree = "<group>"; };
		6C32619D2B67F7DE00A15BEA /* RealmManager.swift */ = {isa = PBXFileReference; lastKnownFileType = sourcecode.swift; path = RealmManager.swift; sourceTree = "<group>"; };
		6C54B5172B20A9B500F6E360 /* Fonts+Generated.swift */ = {isa = PBXFileReference; fileEncoding = 4; lastKnownFileType = sourcecode.swift; path = "Fonts+Generated.swift"; sourceTree = "<group>"; };
		6C5644C12B74DD7700C3CEB6 /* HistoryInfoViewModel.swift */ = {isa = PBXFileReference; lastKnownFileType = sourcecode.swift; path = HistoryInfoViewModel.swift; sourceTree = "<group>"; };
		6CA0C9052B234E51003819B6 /* Urbanist-Medium.ttf */ = {isa = PBXFileReference; lastKnownFileType = file; path = "Urbanist-Medium.ttf"; sourceTree = "<group>"; };
		6CA0C9072B2351C9003819B6 /* CustomPopupVStackInfo.swift */ = {isa = PBXFileReference; lastKnownFileType = sourcecode.swift; path = CustomPopupVStackInfo.swift; sourceTree = "<group>"; };
		6CA8787C2B4D637D00B2DCC3 /* LaunchScreenViewModel.swift */ = {isa = PBXFileReference; lastKnownFileType = sourcecode.swift; path = LaunchScreenViewModel.swift; sourceTree = "<group>"; };
		6CA8787E2B4D642300B2DCC3 /* LaunchScreenView.swift */ = {isa = PBXFileReference; lastKnownFileType = sourcecode.swift; path = LaunchScreenView.swift; sourceTree = "<group>"; };
		6CA878832B4D742800B2DCC3 /* OnboardingViewModel.swift */ = {isa = PBXFileReference; lastKnownFileType = sourcecode.swift; path = OnboardingViewModel.swift; sourceTree = "<group>"; };
		6CA878852B4D744000B2DCC3 /* OnboardingView.swift */ = {isa = PBXFileReference; lastKnownFileType = sourcecode.swift; path = OnboardingView.swift; sourceTree = "<group>"; };
		6CA878882B4D74B800B2DCC3 /* OnboardingModel.swift */ = {isa = PBXFileReference; lastKnownFileType = sourcecode.swift; path = OnboardingModel.swift; sourceTree = "<group>"; };
		6CBD64CD2B1DEFAC001D1DBF /* SettingsViewModel.swift */ = {isa = PBXFileReference; lastKnownFileType = sourcecode.swift; path = SettingsViewModel.swift; sourceTree = "<group>"; };
		6CBD64CF2B1DEFBF001D1DBF /* SettingsView.swift */ = {isa = PBXFileReference; lastKnownFileType = sourcecode.swift; path = SettingsView.swift; sourceTree = "<group>"; };
		6CBD64D52B1E1902001D1DBF /* Urbanist-SemiBold.ttf */ = {isa = PBXFileReference; lastKnownFileType = file; path = "Urbanist-SemiBold.ttf"; sourceTree = "<group>"; };
		6CBD64DD2B1F4D47001D1DBF /* Date+Extension.swift */ = {isa = PBXFileReference; lastKnownFileType = sourcecode.swift; path = "Date+Extension.swift"; sourceTree = "<group>"; };
		6CC6AE282B2B81A700F83B8B /* CustomSettingsButton.swift */ = {isa = PBXFileReference; lastKnownFileType = sourcecode.swift; path = CustomSettingsButton.swift; sourceTree = "<group>"; };
		6CC6AE2F2B2C89D100F83B8B /* MeasurementView.swift */ = {isa = PBXFileReference; lastKnownFileType = sourcecode.swift; path = MeasurementView.swift; sourceTree = "<group>"; };
		6CC6AE312B2C8A1500F83B8B /* MeasurementViewModel.swift */ = {isa = PBXFileReference; lastKnownFileType = sourcecode.swift; path = MeasurementViewModel.swift; sourceTree = "<group>"; };
		6CC6AE9A2B3332CA00F83B8B /* ColorUtils.swift */ = {isa = PBXFileReference; lastKnownFileType = sourcecode.swift; path = ColorUtils.swift; sourceTree = "<group>"; };
		6CC6AE9D2B33340100F83B8B /* Filter.swift */ = {isa = PBXFileReference; lastKnownFileType = sourcecode.swift; path = Filter.swift; sourceTree = "<group>"; };
		6CC6AE9F2B33343400F83B8B /* PulseDetector.swift */ = {isa = PBXFileReference; lastKnownFileType = sourcecode.swift; path = PulseDetector.swift; sourceTree = "<group>"; };
		6CC6AEA12B33366600F83B8B /* AVCaptureDevice+Extension.swift */ = {isa = PBXFileReference; lastKnownFileType = sourcecode.swift; path = "AVCaptureDevice+Extension.swift"; sourceTree = "<group>"; };
		6CC6AEA42B33370300F83B8B /* HeartRateManager.swift */ = {isa = PBXFileReference; lastKnownFileType = sourcecode.swift; path = HeartRateManager.swift; sourceTree = "<group>"; };
		6CDBE6492B827E6E000CA393 /* PulseChartView.swift */ = {isa = PBXFileReference; lastKnownFileType = sourcecode.swift; path = PulseChartView.swift; sourceTree = "<group>"; };
		6CDBE64B2B8289CB000CA393 /* CustomToggleTodayAndWeek.swift */ = {isa = PBXFileReference; lastKnownFileType = sourcecode.swift; path = CustomToggleTodayAndWeek.swift; sourceTree = "<group>"; };
		6CDFCC1A2B1928BC00B1A9A2 /* Info.plist */ = {isa = PBXFileReference; lastKnownFileType = text.plist; path = Info.plist; sourceTree = "<group>"; };
		6CDFCC1F2B192D4C00B1A9A2 /* Gilroy-bold.ttf */ = {isa = PBXFileReference; lastKnownFileType = file; path = "Gilroy-bold.ttf"; sourceTree = "<group>"; };
		6CDFCC262B193E0100B1A9A2 /* Strings+Generated.swift */ = {isa = PBXFileReference; fileEncoding = 4; lastKnownFileType = sourcecode.swift; path = "Strings+Generated.swift"; sourceTree = "<group>"; };
		6CDFCC282B193E0A00B1A9A2 /* XCAssets+Generated.swift */ = {isa = PBXFileReference; fileEncoding = 4; lastKnownFileType = sourcecode.swift; path = "XCAssets+Generated.swift"; sourceTree = "<group>"; };
		6CDFCC2C2B1A974B00B1A9A2 /* Urbanist-Bold.ttf */ = {isa = PBXFileReference; lastKnownFileType = file; path = "Urbanist-Bold.ttf"; sourceTree = "<group>"; };
		6CEC0BFB2B7104A80009A872 /* RectangleView.swift */ = {isa = PBXFileReference; lastKnownFileType = sourcecode.swift; path = RectangleView.swift; sourceTree = "<group>"; };
		6CEC0BFD2B7232640009A872 /* HistoryInfoView.swift */ = {isa = PBXFileReference; lastKnownFileType = sourcecode.swift; path = HistoryInfoView.swift; sourceTree = "<group>"; };
		6CEC0BFF2B72A3510009A872 /* CustomBackButton.swift */ = {isa = PBXFileReference; lastKnownFileType = sourcecode.swift; path = CustomBackButton.swift; sourceTree = "<group>"; };
		6CEDD4512B3C309F0024C41A /* ProgressBarView.swift */ = {isa = PBXFileReference; lastKnownFileType = sourcecode.swift; path = ProgressBarView.swift; sourceTree = "<group>"; };
		6CF3FA342B247F97000EC270 /* Font+Extension.swift */ = {isa = PBXFileReference; lastKnownFileType = sourcecode.swift; path = "Font+Extension.swift"; sourceTree = "<group>"; };
		6CF3FA382B286D0B000EC270 /* CustomNavigationBar.swift */ = {isa = PBXFileReference; lastKnownFileType = sourcecode.swift; path = CustomNavigationBar.swift; sourceTree = "<group>"; };
		6CF3FA3A2B2A4840000EC270 /* PopupInfoView.swift */ = {isa = PBXFileReference; lastKnownFileType = sourcecode.swift; path = PopupInfoView.swift; sourceTree = "<group>"; };
		7CF2D5632B5DBCD000D567DD /* MeasurementContentView.swift */ = {isa = PBXFileReference; lastKnownFileType = sourcecode.swift; path = MeasurementContentView.swift; sourceTree = "<group>"; };
/* End PBXFileReference section */

/* Begin PBXFrameworksBuildPhase section */
		6C2FE75C2B16836C0092BFE5 /* Frameworks */ = {
			isa = PBXFrameworksBuildPhase;
			buildActionMask = 2147483647;
			files = (
				6C32619C2B67F71E00A15BEA /* RealmSwift in Frameworks */,
				6C32619A2B67F71E00A15BEA /* Realm in Frameworks */,
			);
			runOnlyForDeploymentPostprocessing = 0;
		};
/* End PBXFrameworksBuildPhase section */

/* Begin PBXGroup section */
		6C2FE7562B16836B0092BFE5 = {
			isa = PBXGroup;
			children = (
				6C2FE7612B16836C0092BFE5 /* HeartRateMonitorApp */,
				6C2FE7602B16836C0092BFE5 /* Products */,
			);
			sourceTree = "<group>";
		};
		6C2FE7602B16836C0092BFE5 /* Products */ = {
			isa = PBXGroup;
			children = (
				6C2FE75F2B16836C0092BFE5 /* HeartRateMonitorApp.app */,
			);
			name = Products;
			sourceTree = "<group>";
		};
		6C2FE7612B16836C0092BFE5 /* HeartRateMonitorApp */ = {
			isa = PBXGroup;
			children = (
				6CDFCC1A2B1928BC00B1A9A2 /* Info.plist */,
				6C2FE7622B16836C0092BFE5 /* HeartRateMonitorApp.swift */,
				6C2FE7962B1796C10092BFE5 /* Generated */,
				6CC6AE992B3332A700F83B8B /* Utilities */,
				6CC6AE9C2B3333AA00F83B8B /* PulseDetectorHelpers */,
				6CC6AEA32B3336C600F83B8B /* Services */,
				6CA878792B4D633300B2DCC3 /* LaunchScreenModule */,
				6CA878802B4D722400B2DCC3 /* OnboardingModule */,
				6C2FE7972B1797210092BFE5 /* TabBarModule */,
				6C2FE78D2B1794A10092BFE5 /* HomeHealthModule */,
				6CC6AE2C2B2C895600F83B8B /* MeasurementModule */,
				6C2FE79B2B1797AF0092BFE5 /* HistoryModule */,
				6C5644BE2B74DD3000C3CEB6 /* HistoryInfoModule */,
				6CBD64CA2B1DEF23001D1DBF /* SettingsModule */,
				6C3261942B67F29E00A15BEA /* Helpers */,
				6CDFCC172B1927FE00B1A9A2 /* Fonts */,
				6C2FE7662B1683730092BFE5 /* Assets.xcassets */,
				6C2FE7752B174B650092BFE5 /* Localizable.strings */,
				6C2FE7682B1683730092BFE5 /* Preview Content */,
			);
			path = HeartRateMonitorApp;
			sourceTree = "<group>";
		};
		6C2FE7682B1683730092BFE5 /* Preview Content */ = {
			isa = PBXGroup;
			children = (
				6C2FE7692B1683730092BFE5 /* Preview Assets.xcassets */,
			);
			path = "Preview Content";
			sourceTree = "<group>";
		};
		6C2FE78D2B1794A10092BFE5 /* HomeHealthModule */ = {
			isa = PBXGroup;
			children = (
				6C2FE78F2B1794F20092BFE5 /* View */,
				6C2FE78E2B1794E30092BFE5 /* ViewModel */,
			);
			path = HomeHealthModule;
			sourceTree = "<group>";
		};
		6C2FE78E2B1794E30092BFE5 /* ViewModel */ = {
			isa = PBXGroup;
			children = (
				6C2FE7922B1795210092BFE5 /* HomeHealthViewModel.swift */,
			);
			path = ViewModel;
			sourceTree = "<group>";
		};
		6C2FE78F2B1794F20092BFE5 /* View */ = {
			isa = PBXGroup;
			children = (
				6C2FE7942B1796870092BFE5 /* HomeHealthView.swift */,
				6CF3FA3A2B2A4840000EC270 /* PopupInfoView.swift */,
				6CDBE6492B827E6E000CA393 /* PulseChartView.swift */,
				6C07CBFA2B8B93EB009CB990 /* MeasureDefaultDashboard.swift */,
				6C07CBFC2B8B94E0009CB990 /* MeasureNoDataDashboard.swift */,
			);
			path = View;
			sourceTree = "<group>";
		};
		6C2FE7962B1796C10092BFE5 /* Generated */ = {
			isa = PBXGroup;
			children = (
				6C54B5172B20A9B500F6E360 /* Fonts+Generated.swift */,
				6CDFCC262B193E0100B1A9A2 /* Strings+Generated.swift */,
				6CDFCC282B193E0A00B1A9A2 /* XCAssets+Generated.swift */,
			);
			path = Generated;
			sourceTree = "<group>";
		};
		6C2FE7972B1797210092BFE5 /* TabBarModule */ = {
			isa = PBXGroup;
			children = (
				6C2FE7982B1797350092BFE5 /* View */,
			);
			path = TabBarModule;
			sourceTree = "<group>";
		};
		6C2FE7982B1797350092BFE5 /* View */ = {
			isa = PBXGroup;
			children = (
				6C2FE7992B1797480092BFE5 /* TabBarView.swift */,
			);
			path = View;
			sourceTree = "<group>";
		};
		6C2FE79B2B1797AF0092BFE5 /* HistoryModule */ = {
			isa = PBXGroup;
			children = (
				6C2FE79D2B1797C80092BFE5 /* View */,
				6C2FE79C2B1797C10092BFE5 /* ViewModel */,
			);
			path = HistoryModule;
			sourceTree = "<group>";
		};
		6C2FE79C2B1797C10092BFE5 /* ViewModel */ = {
			isa = PBXGroup;
			children = (
				6C2FE79E2B1797F90092BFE5 /* HistoryViewModel.swift */,
			);
			path = ViewModel;
			sourceTree = "<group>";
		};
		6C2FE79D2B1797C80092BFE5 /* View */ = {
			isa = PBXGroup;
			children = (
				6C2FE7A02B1798110092BFE5 /* HistoryView.swift */,
				6CEC0BFB2B7104A80009A872 /* RectangleView.swift */,
			);
			path = View;
			sourceTree = "<group>";
		};
		6C2FE7A22B1799400092BFE5 /* CustomViews */ = {
			isa = PBXGroup;
			children = (
				6C2FE7A32B1799800092BFE5 /* CustomButtonOnTabBar.swift */,
				6CA0C9072B2351C9003819B6 /* CustomPopupVStackInfo.swift */,
				6CF3FA382B286D0B000EC270 /* CustomNavigationBar.swift */,
				6CC6AE282B2B81A700F83B8B /* CustomSettingsButton.swift */,
				6C245FE22B6A41EC00E8699A /* CustomMainSettingsButton.swift */,
				6C245FE62B6A64A100E8699A /* CustomHistoryView.swift */,
				6CEC0BFF2B72A3510009A872 /* CustomBackButton.swift */,
				6CDBE64B2B8289CB000CA393 /* CustomToggleTodayAndWeek.swift */,
				6C07CBF82B8B9195009CB990 /* CustomButtonPopupPresented.swift */,
			);
			path = CustomViews;
			sourceTree = "<group>";
		};
		6C2FE7A72B18E6730092BFE5 /* Extensions */ = {
			isa = PBXGroup;
			children = (
				6C2FE7A82B18E6B00092BFE5 /* Color+Extension.swift */,
				6CBD64DD2B1F4D47001D1DBF /* Date+Extension.swift */,
				6CF3FA342B247F97000EC270 /* Font+Extension.swift */,
				6CC6AEA12B33366600F83B8B /* AVCaptureDevice+Extension.swift */,
			);
			path = Extensions;
			sourceTree = "<group>";
		};
		6C3261942B67F29E00A15BEA /* Helpers */ = {
			isa = PBXGroup;
			children = (
				6C3261952B67F2C100A15BEA /* AppConstants.swift */,
				6C2FE7A22B1799400092BFE5 /* CustomViews */,
				6C2FE7A72B18E6730092BFE5 /* Extensions */,
			);
			path = Helpers;
			sourceTree = "<group>";
		};
		6C5644BE2B74DD3000C3CEB6 /* HistoryInfoModule */ = {
			isa = PBXGroup;
			children = (
				6C5644C02B74DD5100C3CEB6 /* View */,
				6C5644BF2B74DD4700C3CEB6 /* ViewModel */,
			);
			path = HistoryInfoModule;
			sourceTree = "<group>";
		};
		6C5644BF2B74DD4700C3CEB6 /* ViewModel */ = {
			isa = PBXGroup;
			children = (
				6C5644C12B74DD7700C3CEB6 /* HistoryInfoViewModel.swift */,
			);
			path = ViewModel;
			sourceTree = "<group>";
		};
		6C5644C02B74DD5100C3CEB6 /* View */ = {
			isa = PBXGroup;
			children = (
				6CEC0BFD2B7232640009A872 /* HistoryInfoView.swift */,
			);
			path = View;
			sourceTree = "<group>";
		};
		6CA878792B4D633300B2DCC3 /* LaunchScreenModule */ = {
			isa = PBXGroup;
			children = (
				6CA8787B2B4D636D00B2DCC3 /* View */,
				6CA8787A2B4D635D00B2DCC3 /* ViewModel */,
			);
			path = LaunchScreenModule;
			sourceTree = "<group>";
		};
		6CA8787A2B4D635D00B2DCC3 /* ViewModel */ = {
			isa = PBXGroup;
			children = (
				6CA8787C2B4D637D00B2DCC3 /* LaunchScreenViewModel.swift */,
			);
			path = ViewModel;
			sourceTree = "<group>";
		};
		6CA8787B2B4D636D00B2DCC3 /* View */ = {
			isa = PBXGroup;
			children = (
				6CA8787E2B4D642300B2DCC3 /* LaunchScreenView.swift */,
			);
			path = View;
			sourceTree = "<group>";
		};
		6CA878802B4D722400B2DCC3 /* OnboardingModule */ = {
			isa = PBXGroup;
			children = (
				6CA878872B4D748F00B2DCC3 /* Model */,
				6CA878822B4D72C300B2DCC3 /* View */,
				6CA878812B4D72BD00B2DCC3 /* ViewModel */,
			);
			path = OnboardingModule;
			sourceTree = "<group>";
		};
		6CA878812B4D72BD00B2DCC3 /* ViewModel */ = {
			isa = PBXGroup;
			children = (
				6CA878832B4D742800B2DCC3 /* OnboardingViewModel.swift */,
			);
			path = ViewModel;
			sourceTree = "<group>";
		};
		6CA878822B4D72C300B2DCC3 /* View */ = {
			isa = PBXGroup;
			children = (
				6CA878852B4D744000B2DCC3 /* OnboardingView.swift */,
			);
			path = View;
			sourceTree = "<group>";
		};
		6CA878872B4D748F00B2DCC3 /* Model */ = {
			isa = PBXGroup;
			children = (
				6CA878882B4D74B800B2DCC3 /* OnboardingModel.swift */,
			);
			path = Model;
			sourceTree = "<group>";
		};
		6CBD64CA2B1DEF23001D1DBF /* SettingsModule */ = {
			isa = PBXGroup;
			children = (
				6CBD64CC2B1DEF49001D1DBF /* View */,
				6CBD64CB2B1DEF40001D1DBF /* ViewModel */,
			);
			path = SettingsModule;
			sourceTree = "<group>";
		};
		6CBD64CB2B1DEF40001D1DBF /* ViewModel */ = {
			isa = PBXGroup;
			children = (
				6CBD64CD2B1DEFAC001D1DBF /* SettingsViewModel.swift */,
			);
			path = ViewModel;
			sourceTree = "<group>";
		};
		6CBD64CC2B1DEF49001D1DBF /* View */ = {
			isa = PBXGroup;
			children = (
				6CBD64CF2B1DEFBF001D1DBF /* SettingsView.swift */,
			);
			path = View;
			sourceTree = "<group>";
		};
		6CC6AE2C2B2C895600F83B8B /* MeasurementModule */ = {
			isa = PBXGroup;
			children = (
				6CC6AE2E2B2C89B500F83B8B /* View */,
				6CC6AE2D2B2C89A900F83B8B /* ViewModel */,
			);
			path = MeasurementModule;
			sourceTree = "<group>";
		};
		6CC6AE2D2B2C89A900F83B8B /* ViewModel */ = {
			isa = PBXGroup;
			children = (
				6CC6AE312B2C8A1500F83B8B /* MeasurementViewModel.swift */,
			);
			path = ViewModel;
			sourceTree = "<group>";
		};
		6CC6AE2E2B2C89B500F83B8B /* View */ = {
			isa = PBXGroup;
			children = (
				6CC6AE2F2B2C89D100F83B8B /* MeasurementView.swift */,
				6CEDD4512B3C309F0024C41A /* ProgressBarView.swift */,
				7CF2D5632B5DBCD000D567DD /* MeasurementContentView.swift */,
			);
			path = View;
			sourceTree = "<group>";
		};
		6CC6AE992B3332A700F83B8B /* Utilities */ = {
			isa = PBXGroup;
			children = (
				6CC6AE9A2B3332CA00F83B8B /* ColorUtils.swift */,
			);
			path = Utilities;
			sourceTree = "<group>";
		};
		6CC6AE9C2B3333AA00F83B8B /* PulseDetectorHelpers */ = {
			isa = PBXGroup;
			children = (
				6CC6AE9D2B33340100F83B8B /* Filter.swift */,
				6CC6AE9F2B33343400F83B8B /* PulseDetector.swift */,
			);
			path = PulseDetectorHelpers;
			sourceTree = "<group>";
		};
		6CC6AEA32B3336C600F83B8B /* Services */ = {
			isa = PBXGroup;
			children = (
				6CC6AEA42B33370300F83B8B /* HeartRateManager.swift */,
				6C32619D2B67F7DE00A15BEA /* RealmManager.swift */,
			);
			path = Services;
			sourceTree = "<group>";
		};
		6CDFCC172B1927FE00B1A9A2 /* Fonts */ = {
			isa = PBXGroup;
			children = (
				6C245FE42B6A5E2100E8699A /* Gilroy-black.ttf */,
				6CDFCC1F2B192D4C00B1A9A2 /* Gilroy-bold.ttf */,
				6CDFCC2C2B1A974B00B1A9A2 /* Urbanist-Bold.ttf */,
				6CBD64D52B1E1902001D1DBF /* Urbanist-SemiBold.ttf */,
				6CA0C9052B234E51003819B6 /* Urbanist-Medium.ttf */,
			);
			path = Fonts;
			sourceTree = "<group>";
		};
/* End PBXGroup section */

/* Begin PBXNativeTarget section */
		6C2FE75E2B16836C0092BFE5 /* HeartRateMonitorApp */ = {
			isa = PBXNativeTarget;
			buildConfigurationList = 6C2FE76D2B1683730092BFE5 /* Build configuration list for PBXNativeTarget "HeartRateMonitorApp" */;
			buildPhases = (
				6C2FE75B2B16836C0092BFE5 /* Sources */,
				6C2FE75C2B16836C0092BFE5 /* Frameworks */,
				6C2FE75D2B16836C0092BFE5 /* Resources */,
				6C2FE7702B16859E0092BFE5 /* SwiftLint */,
				6CC6AE2A2B2C871200F83B8B /* SwiftGen */,
			);
			buildRules = (
			);
			dependencies = (
			);
			name = HeartRateMonitorApp;
			packageProductDependencies = (
				6C3261992B67F71E00A15BEA /* Realm */,
				6C32619B2B67F71E00A15BEA /* RealmSwift */,
			);
			productName = HeartRateMonitorApp;
			productReference = 6C2FE75F2B16836C0092BFE5 /* HeartRateMonitorApp.app */;
			productType = "com.apple.product-type.application";
		};
/* End PBXNativeTarget section */

/* Begin PBXProject section */
		6C2FE7572B16836B0092BFE5 /* Project object */ = {
			isa = PBXProject;
			attributes = {
				BuildIndependentTargetsInParallel = 1;
				LastSwiftUpdateCheck = 1500;
				LastUpgradeCheck = 1500;
				TargetAttributes = {
					6C2FE75E2B16836C0092BFE5 = {
						CreatedOnToolsVersion = 15.0.1;
					};
				};
			};
			buildConfigurationList = 6C2FE75A2B16836B0092BFE5 /* Build configuration list for PBXProject "HeartRateMonitorApp" */;
			compatibilityVersion = "Xcode 14.0";
			developmentRegion = en;
			hasScannedForEncodings = 0;
			knownRegions = (
				en,
				Base,
				ru,
			);
			mainGroup = 6C2FE7562B16836B0092BFE5;
			packageReferences = (
				6C3261982B67F71E00A15BEA /* XCRemoteSwiftPackageReference "realm-swift" */,
			);
			productRefGroup = 6C2FE7602B16836C0092BFE5 /* Products */;
			projectDirPath = "";
			projectRoot = "";
			targets = (
				6C2FE75E2B16836C0092BFE5 /* HeartRateMonitorApp */,
			);
		};
/* End PBXProject section */

/* Begin PBXResourcesBuildPhase section */
		6C2FE75D2B16836C0092BFE5 /* Resources */ = {
			isa = PBXResourcesBuildPhase;
			buildActionMask = 2147483647;
			files = (
				6C2FE76A2B1683730092BFE5 /* Preview Assets.xcassets in Resources */,
				6C2FE7732B174B650092BFE5 /* Localizable.strings in Resources */,
				6CA0C9062B234E51003819B6 /* Urbanist-Medium.ttf in Resources */,
				6CBD64D62B1E1902001D1DBF /* Urbanist-SemiBold.ttf in Resources */,
				6C245FE52B6A5E2100E8699A /* Gilroy-black.ttf in Resources */,
				6C2FE7672B1683730092BFE5 /* Assets.xcassets in Resources */,
				6CDFCC2D2B1A974C00B1A9A2 /* Urbanist-Bold.ttf in Resources */,
				6CDFCC202B192D4C00B1A9A2 /* Gilroy-bold.ttf in Resources */,
			);
			runOnlyForDeploymentPostprocessing = 0;
		};
/* End PBXResourcesBuildPhase section */

/* Begin PBXShellScriptBuildPhase section */
		6C2FE7702B16859E0092BFE5 /* SwiftLint */ = {
			isa = PBXShellScriptBuildPhase;
			alwaysOutOfDate = 1;
			buildActionMask = 2147483647;
			files = (
			);
			inputFileListPaths = (
			);
			inputPaths = (
			);
			name = SwiftLint;
			outputFileListPaths = (
			);
			outputPaths = (
			);
			runOnlyForDeploymentPostprocessing = 0;
			shellPath = /bin/sh;
			shellScript = "if [[ \"$(uname -m)\" == arm64 ]]; then\n    export PATH=\"/opt/homebrew/bin:$PATH\"\nfi\n\nif which swiftlint > /dev/null; then\n  swiftlint && swiftlint --fix\nelse\n  echo \"warning: SwiftLint not installed, download from https://github.com/realm/SwiftLint\"\nfi\n";
		};
		6CC6AE2A2B2C871200F83B8B /* SwiftGen */ = {
			isa = PBXShellScriptBuildPhase;
			alwaysOutOfDate = 1;
			buildActionMask = 2147483647;
			files = (
			);
			inputFileListPaths = (
			);
			inputPaths = (
			);
			name = SwiftGen;
			outputFileListPaths = (
			);
			outputPaths = (
			);
			runOnlyForDeploymentPostprocessing = 0;
			shellPath = /bin/sh;
			shellScript = "if which swiftgen >/dev/null; then\n  swiftgen\nelse\n  echo \"warning: SwiftGen not installed, download it from https://github.com/SwiftGen/SwiftGen\"\nfi\n";
		};
/* End PBXShellScriptBuildPhase section */

/* Begin PBXSourcesBuildPhase section */
		6C2FE75B2B16836C0092BFE5 /* Sources */ = {
			isa = PBXSourcesBuildPhase;
			buildActionMask = 2147483647;
			files = (
				6C2FE7A42B1799800092BFE5 /* CustomButtonOnTabBar.swift in Sources */,
				6CEC0C002B72A3510009A872 /* CustomBackButton.swift in Sources */,
				6C3261962B67F2C100A15BEA /* AppConstants.swift in Sources */,
				6CDFCC272B193E0100B1A9A2 /* Strings+Generated.swift in Sources */,
				6C07CBFD2B8B94E0009CB990 /* MeasureNoDataDashboard.swift in Sources */,
				6C07CBF92B8B9195009CB990 /* CustomButtonPopupPresented.swift in Sources */,
				6C245FE72B6A64A100E8699A /* CustomHistoryView.swift in Sources */,
				6CA8787D2B4D637D00B2DCC3 /* LaunchScreenViewModel.swift in Sources */,
				6CA878862B4D744000B2DCC3 /* OnboardingView.swift in Sources */,
				6CC6AE9E2B33340100F83B8B /* Filter.swift in Sources */,
				6CC6AEA22B33366600F83B8B /* AVCaptureDevice+Extension.swift in Sources */,
				6C07CBFB2B8B93EB009CB990 /* MeasureDefaultDashboard.swift in Sources */,
				6CC6AEA52B33370300F83B8B /* HeartRateManager.swift in Sources */,
				6C54B5182B20A9B600F6E360 /* Fonts+Generated.swift in Sources */,
				6CF3FA3B2B2A4841000EC270 /* PopupInfoView.swift in Sources */,
				6CDBE64C2B8289CB000CA393 /* CustomToggleTodayAndWeek.swift in Sources */,
				6C2FE7A12B1798110092BFE5 /* HistoryView.swift in Sources */,
				6CC6AE302B2C89D100F83B8B /* MeasurementView.swift in Sources */,
				6C32619E2B67F7DE00A15BEA /* RealmManager.swift in Sources */,
				6C2FE7932B1795210092BFE5 /* HomeHealthViewModel.swift in Sources */,
				6C2FE7632B16836C0092BFE5 /* HeartRateMonitorApp.swift in Sources */,
				7CF2D5642B5DBCD000D567DD /* MeasurementContentView.swift in Sources */,
				6CC6AEA02B33343400F83B8B /* PulseDetector.swift in Sources */,
				6C2FE79A2B1797480092BFE5 /* TabBarView.swift in Sources */,
				6C5644C22B74DD7700C3CEB6 /* HistoryInfoViewModel.swift in Sources */,
				6C2FE7952B1796870092BFE5 /* HomeHealthView.swift in Sources */,
				6CEC0BFE2B7232640009A872 /* HistoryInfoView.swift in Sources */,
				6CEC0BFC2B7104A80009A872 /* RectangleView.swift in Sources */,
				6C2FE7A92B18E6B00092BFE5 /* Color+Extension.swift in Sources */,
				6CA878842B4D742800B2DCC3 /* OnboardingViewModel.swift in Sources */,
				6CA0C9082B2351C9003819B6 /* CustomPopupVStackInfo.swift in Sources */,
				6C2FE79F2B1797F90092BFE5 /* HistoryViewModel.swift in Sources */,
				6CDFCC292B193E0A00B1A9A2 /* XCAssets+Generated.swift in Sources */,
				6CA878892B4D74B800B2DCC3 /* OnboardingModel.swift in Sources */,
				6CF3FA392B286D0B000EC270 /* CustomNavigationBar.swift in Sources */,
				6CBD64DE2B1F4D47001D1DBF /* Date+Extension.swift in Sources */,
				6CC6AE292B2B81A800F83B8B /* CustomSettingsButton.swift in Sources */,
				6CDBE64A2B827E6E000CA393 /* PulseChartView.swift in Sources */,
				6CBD64CE2B1DEFAC001D1DBF /* SettingsViewModel.swift in Sources */,
				6CA8787F2B4D642300B2DCC3 /* LaunchScreenView.swift in Sources */,
				6C245FE32B6A41EC00E8699A /* CustomMainSettingsButton.swift in Sources */,
				6CF3FA352B247F97000EC270 /* Font+Extension.swift in Sources */,
				6CC6AE9B2B3332CA00F83B8B /* ColorUtils.swift in Sources */,
				6CBD64D02B1DEFBF001D1DBF /* SettingsView.swift in Sources */,
				6CEDD4522B3C309F0024C41A /* ProgressBarView.swift in Sources */,
				6CC6AE322B2C8A1500F83B8B /* MeasurementViewModel.swift in Sources */,
			);
			runOnlyForDeploymentPostprocessing = 0;
		};
/* End PBXSourcesBuildPhase section */

/* Begin PBXVariantGroup section */
		6C2FE7752B174B650092BFE5 /* Localizable.strings */ = {
			isa = PBXVariantGroup;
			children = (
				6C2FE7742B174B650092BFE5 /* en */,
				6C2FE7762B174BD40092BFE5 /* ru */,
			);
			name = Localizable.strings;
			sourceTree = "<group>";
		};
/* End PBXVariantGroup section */

/* Begin XCBuildConfiguration section */
		6C2FE76B2B1683730092BFE5 /* Debug */ = {
			isa = XCBuildConfiguration;
			buildSettings = {
				ALWAYS_SEARCH_USER_PATHS = NO;
				ASSETCATALOG_COMPILER_GENERATE_SWIFT_ASSET_SYMBOL_EXTENSIONS = YES;
				CLANG_ANALYZER_LOCALIZABILITY_NONLOCALIZED = YES;
				CLANG_ANALYZER_NONNULL = YES;
				CLANG_ANALYZER_NUMBER_OBJECT_CONVERSION = YES_AGGRESSIVE;
				CLANG_CXX_LANGUAGE_STANDARD = "gnu++20";
				CLANG_ENABLE_MODULES = YES;
				CLANG_ENABLE_OBJC_ARC = YES;
				CLANG_ENABLE_OBJC_WEAK = YES;
				CLANG_WARN_BLOCK_CAPTURE_AUTORELEASING = YES;
				CLANG_WARN_BOOL_CONVERSION = YES;
				CLANG_WARN_COMMA = YES;
				CLANG_WARN_CONSTANT_CONVERSION = YES;
				CLANG_WARN_DEPRECATED_OBJC_IMPLEMENTATIONS = YES;
				CLANG_WARN_DIRECT_OBJC_ISA_USAGE = YES_ERROR;
				CLANG_WARN_DOCUMENTATION_COMMENTS = YES;
				CLANG_WARN_EMPTY_BODY = YES;
				CLANG_WARN_ENUM_CONVERSION = YES;
				CLANG_WARN_INFINITE_RECURSION = YES;
				CLANG_WARN_INT_CONVERSION = YES;
				CLANG_WARN_NON_LITERAL_NULL_CONVERSION = YES;
				CLANG_WARN_OBJC_IMPLICIT_RETAIN_SELF = YES;
				CLANG_WARN_OBJC_LITERAL_CONVERSION = YES;
				CLANG_WARN_OBJC_ROOT_CLASS = YES_ERROR;
				CLANG_WARN_QUOTED_INCLUDE_IN_FRAMEWORK_HEADER = YES;
				CLANG_WARN_RANGE_LOOP_ANALYSIS = YES;
				CLANG_WARN_STRICT_PROTOTYPES = YES;
				CLANG_WARN_SUSPICIOUS_MOVE = YES;
				CLANG_WARN_UNGUARDED_AVAILABILITY = YES_AGGRESSIVE;
				CLANG_WARN_UNREACHABLE_CODE = YES;
				CLANG_WARN__DUPLICATE_METHOD_MATCH = YES;
				COPY_PHASE_STRIP = NO;
				DEBUG_INFORMATION_FORMAT = dwarf;
				ENABLE_STRICT_OBJC_MSGSEND = YES;
				ENABLE_TESTABILITY = YES;
				ENABLE_USER_SCRIPT_SANDBOXING = NO;
				GCC_C_LANGUAGE_STANDARD = gnu17;
				GCC_DYNAMIC_NO_PIC = NO;
				GCC_NO_COMMON_BLOCKS = YES;
				GCC_OPTIMIZATION_LEVEL = 0;
				GCC_PREPROCESSOR_DEFINITIONS = (
					"DEBUG=1",
					"$(inherited)",
				);
				GCC_WARN_64_TO_32_BIT_CONVERSION = YES;
				GCC_WARN_ABOUT_RETURN_TYPE = YES_ERROR;
				GCC_WARN_UNDECLARED_SELECTOR = YES;
				GCC_WARN_UNINITIALIZED_AUTOS = YES_AGGRESSIVE;
				GCC_WARN_UNUSED_FUNCTION = YES;
				GCC_WARN_UNUSED_VARIABLE = YES;
				IPHONEOS_DEPLOYMENT_TARGET = 16.0;
				LOCALIZATION_PREFERS_STRING_CATALOGS = YES;
				MTL_ENABLE_DEBUG_INFO = INCLUDE_SOURCE;
				MTL_FAST_MATH = YES;
				ONLY_ACTIVE_ARCH = YES;
				SDKROOT = iphoneos;
				SWIFT_ACTIVE_COMPILATION_CONDITIONS = "DEBUG $(inherited)";
				SWIFT_OPTIMIZATION_LEVEL = "-Onone";
			};
			name = Debug;
		};
		6C2FE76C2B1683730092BFE5 /* Release */ = {
			isa = XCBuildConfiguration;
			buildSettings = {
				ALWAYS_SEARCH_USER_PATHS = NO;
				ASSETCATALOG_COMPILER_GENERATE_SWIFT_ASSET_SYMBOL_EXTENSIONS = YES;
				CLANG_ANALYZER_LOCALIZABILITY_NONLOCALIZED = YES;
				CLANG_ANALYZER_NONNULL = YES;
				CLANG_ANALYZER_NUMBER_OBJECT_CONVERSION = YES_AGGRESSIVE;
				CLANG_CXX_LANGUAGE_STANDARD = "gnu++20";
				CLANG_ENABLE_MODULES = YES;
				CLANG_ENABLE_OBJC_ARC = YES;
				CLANG_ENABLE_OBJC_WEAK = YES;
				CLANG_WARN_BLOCK_CAPTURE_AUTORELEASING = YES;
				CLANG_WARN_BOOL_CONVERSION = YES;
				CLANG_WARN_COMMA = YES;
				CLANG_WARN_CONSTANT_CONVERSION = YES;
				CLANG_WARN_DEPRECATED_OBJC_IMPLEMENTATIONS = YES;
				CLANG_WARN_DIRECT_OBJC_ISA_USAGE = YES_ERROR;
				CLANG_WARN_DOCUMENTATION_COMMENTS = YES;
				CLANG_WARN_EMPTY_BODY = YES;
				CLANG_WARN_ENUM_CONVERSION = YES;
				CLANG_WARN_INFINITE_RECURSION = YES;
				CLANG_WARN_INT_CONVERSION = YES;
				CLANG_WARN_NON_LITERAL_NULL_CONVERSION = YES;
				CLANG_WARN_OBJC_IMPLICIT_RETAIN_SELF = YES;
				CLANG_WARN_OBJC_LITERAL_CONVERSION = YES;
				CLANG_WARN_OBJC_ROOT_CLASS = YES_ERROR;
				CLANG_WARN_QUOTED_INCLUDE_IN_FRAMEWORK_HEADER = YES;
				CLANG_WARN_RANGE_LOOP_ANALYSIS = YES;
				CLANG_WARN_STRICT_PROTOTYPES = YES;
				CLANG_WARN_SUSPICIOUS_MOVE = YES;
				CLANG_WARN_UNGUARDED_AVAILABILITY = YES_AGGRESSIVE;
				CLANG_WARN_UNREACHABLE_CODE = YES;
				CLANG_WARN__DUPLICATE_METHOD_MATCH = YES;
				COPY_PHASE_STRIP = NO;
				DEBUG_INFORMATION_FORMAT = "dwarf-with-dsym";
				ENABLE_NS_ASSERTIONS = NO;
				ENABLE_STRICT_OBJC_MSGSEND = YES;
				ENABLE_USER_SCRIPT_SANDBOXING = NO;
				GCC_C_LANGUAGE_STANDARD = gnu17;
				GCC_NO_COMMON_BLOCKS = YES;
				GCC_WARN_64_TO_32_BIT_CONVERSION = YES;
				GCC_WARN_ABOUT_RETURN_TYPE = YES_ERROR;
				GCC_WARN_UNDECLARED_SELECTOR = YES;
				GCC_WARN_UNINITIALIZED_AUTOS = YES_AGGRESSIVE;
				GCC_WARN_UNUSED_FUNCTION = YES;
				GCC_WARN_UNUSED_VARIABLE = YES;
				IPHONEOS_DEPLOYMENT_TARGET = 16.0;
				LOCALIZATION_PREFERS_STRING_CATALOGS = YES;
				MTL_ENABLE_DEBUG_INFO = NO;
				MTL_FAST_MATH = YES;
				SDKROOT = iphoneos;
				SWIFT_COMPILATION_MODE = wholemodule;
				VALIDATE_PRODUCT = YES;
			};
			name = Release;
		};
		6C2FE76E2B1683730092BFE5 /* Debug */ = {
			isa = XCBuildConfiguration;
			buildSettings = {
				ASSETCATALOG_COMPILER_APPICON_NAME = AppIcon;
				ASSETCATALOG_COMPILER_GLOBAL_ACCENT_COLOR_NAME = AccentColor;
				CODE_SIGN_STYLE = Automatic;
				CURRENT_PROJECT_VERSION = 1;
				DEVELOPMENT_ASSET_PATHS = "\"HeartRateMonitorApp/Preview Content\"";
				DEVELOPMENT_TEAM = 7LVP8USRP3;
				ENABLE_PREVIEWS = YES;
				GENERATE_INFOPLIST_FILE = YES;
				INFOPLIST_FILE = HeartRateMonitorApp/Info.plist;
				INFOPLIST_KEY_UIApplicationSceneManifest_Generation = YES;
				INFOPLIST_KEY_UIApplicationSupportsIndirectInputEvents = YES;
				INFOPLIST_KEY_UILaunchScreen_Generation = YES;
				INFOPLIST_KEY_UISupportedInterfaceOrientations_iPad = "UIInterfaceOrientationPortrait UIInterfaceOrientationPortraitUpsideDown UIInterfaceOrientationLandscapeLeft UIInterfaceOrientationLandscapeRight";
				INFOPLIST_KEY_UISupportedInterfaceOrientations_iPhone = "UIInterfaceOrientationPortrait UIInterfaceOrientationLandscapeLeft UIInterfaceOrientationLandscapeRight";
				IPHONEOS_DEPLOYMENT_TARGET = 16.0;
				LD_RUNPATH_SEARCH_PATHS = (
					"$(inherited)",
					"@executable_path/Frameworks",
				);
				MARKETING_VERSION = 1.0;
				PRODUCT_BUNDLE_IDENTIFIER = mk.HeartRateMonitorApp;
				PRODUCT_NAME = "$(TARGET_NAME)";
				SWIFT_EMIT_LOC_STRINGS = YES;
				SWIFT_VERSION = 5.0;
				TARGETED_DEVICE_FAMILY = "1,2";
			};
			name = Debug;
		};
		6C2FE76F2B1683730092BFE5 /* Release */ = {
			isa = XCBuildConfiguration;
			buildSettings = {
				ASSETCATALOG_COMPILER_APPICON_NAME = AppIcon;
				ASSETCATALOG_COMPILER_GLOBAL_ACCENT_COLOR_NAME = AccentColor;
				CODE_SIGN_STYLE = Automatic;
				CURRENT_PROJECT_VERSION = 1;
				DEVELOPMENT_ASSET_PATHS = "\"HeartRateMonitorApp/Preview Content\"";
				DEVELOPMENT_TEAM = 7LVP8USRP3;
				ENABLE_PREVIEWS = YES;
				GENERATE_INFOPLIST_FILE = YES;
				INFOPLIST_FILE = HeartRateMonitorApp/Info.plist;
				INFOPLIST_KEY_UIApplicationSceneManifest_Generation = YES;
				INFOPLIST_KEY_UIApplicationSupportsIndirectInputEvents = YES;
				INFOPLIST_KEY_UILaunchScreen_Generation = YES;
				INFOPLIST_KEY_UISupportedInterfaceOrientations_iPad = "UIInterfaceOrientationPortrait UIInterfaceOrientationPortraitUpsideDown UIInterfaceOrientationLandscapeLeft UIInterfaceOrientationLandscapeRight";
				INFOPLIST_KEY_UISupportedInterfaceOrientations_iPhone = "UIInterfaceOrientationPortrait UIInterfaceOrientationLandscapeLeft UIInterfaceOrientationLandscapeRight";
				IPHONEOS_DEPLOYMENT_TARGET = 16.0;
				LD_RUNPATH_SEARCH_PATHS = (
					"$(inherited)",
					"@executable_path/Frameworks",
				);
				MARKETING_VERSION = 1.0;
				PRODUCT_BUNDLE_IDENTIFIER = mk.HeartRateMonitorApp;
				PRODUCT_NAME = "$(TARGET_NAME)";
				SWIFT_EMIT_LOC_STRINGS = YES;
				SWIFT_VERSION = 5.0;
				TARGETED_DEVICE_FAMILY = "1,2";
			};
			name = Release;
		};
/* End XCBuildConfiguration section */

/* Begin XCConfigurationList section */
		6C2FE75A2B16836B0092BFE5 /* Build configuration list for PBXProject "HeartRateMonitorApp" */ = {
			isa = XCConfigurationList;
			buildConfigurations = (
				6C2FE76B2B1683730092BFE5 /* Debug */,
				6C2FE76C2B1683730092BFE5 /* Release */,
			);
			defaultConfigurationIsVisible = 0;
			defaultConfigurationName = Release;
		};
		6C2FE76D2B1683730092BFE5 /* Build configuration list for PBXNativeTarget "HeartRateMonitorApp" */ = {
			isa = XCConfigurationList;
			buildConfigurations = (
				6C2FE76E2B1683730092BFE5 /* Debug */,
				6C2FE76F2B1683730092BFE5 /* Release */,
			);
			defaultConfigurationIsVisible = 0;
			defaultConfigurationName = Release;
		};
/* End XCConfigurationList section */

/* Begin XCRemoteSwiftPackageReference section */
		6C3261982B67F71E00A15BEA /* XCRemoteSwiftPackageReference "realm-swift" */ = {
			isa = XCRemoteSwiftPackageReference;
			repositoryURL = "https://github.com/realm/realm-swift.git";
			requirement = {
				kind = upToNextMajorVersion;
				minimumVersion = 10.46.0;
			};
		};
/* End XCRemoteSwiftPackageReference section */

/* Begin XCSwiftPackageProductDependency section */
		6C3261992B67F71E00A15BEA /* Realm */ = {
			isa = XCSwiftPackageProductDependency;
			package = 6C3261982B67F71E00A15BEA /* XCRemoteSwiftPackageReference "realm-swift" */;
			productName = Realm;
		};
		6C32619B2B67F71E00A15BEA /* RealmSwift */ = {
			isa = XCSwiftPackageProductDependency;
			package = 6C3261982B67F71E00A15BEA /* XCRemoteSwiftPackageReference "realm-swift" */;
			productName = RealmSwift;
		};
/* End XCSwiftPackageProductDependency section */
	};
	rootObject = 6C2FE7572B16836B0092BFE5 /* Project object */;
}
